
Microsoft Visual Studio Solution File, Format Version 12.00
# Visual Studio Version 17
VisualStudioVersion = 17.11.35222.181
MinimumVisualStudioVersion = 10.0.40219.1
Project("{FAE04EC0-301F-11D3-BF4B-00C04F79EFBC}") = "laboratory_12", "laboratory_12\laboratory_12.csproj", "{4AEB93BC-960A-4E8B-ADF3-F1C7C234CE1B}"
EndProject
Global
	GlobalSection(SolutionConfigurationPlatforms) = preSolution
		Debug|Any CPU = Debug|Any CPU
		Release|Any CPU = Release|Any CPU
	EndGlobalSection
	GlobalSection(ProjectConfigurationPlatforms) = postSolution
		{4AEB93BC-960A-4E8B-ADF3-F1C7C234CE1B}.Debug|Any CPU.ActiveCfg = Debug|Any CPU
		{4AEB93BC-960A-4E8B-ADF3-F1C7C234CE1B}.Debug|Any CPU.Build.0 = Debug|Any CPU
		{4AEB93BC-960A-4E8B-ADF3-F1C7C234CE1B}.Release|Any CPU.ActiveCfg = Release|Any CPU
		{4AEB93BC-960A-4E8B-ADF3-F1C7C234CE1B}.Release|Any CPU.Build.0 = Release|Any CPU
	EndGlobalSection
	GlobalSection(SolutionProperties) = preSolution
		HideSolutionNode = FALSE
	EndGlobalSection
	GlobalSection(ExtensibilityGlobals) = postSolution
		SolutionGuid = {E01ADAA8-A7A8-4617-B7F0-3CFEC2D2508B}
	EndGlobalSection
EndGlobal
